
Microsoft Visual Studio Solution File, Format Version 12.00
# Visual Studio Version 17
VisualStudioVersion = 17.5.33414.496
MinimumVisualStudioVersion = 10.0.40219.1
Project("{FAE04EC0-301F-11D3-BF4B-00C04F79EFBC}") = "CaseStudyClgXplorer", "CaseStudyClgXplorer\CaseStudyClgXplorer.csproj", "{8E1C97D7-EDB4-4C98-94A7-F46FC2E21FF3}"
EndProject
Global
	GlobalSection(SolutionConfigurationPlatforms) = preSolution
		Debug|Any CPU = Debug|Any CPU
		Release|Any CPU = Release|Any CPU
	EndGlobalSection
	GlobalSection(ProjectConfigurationPlatforms) = postSolution
		{8E1C97D7-EDB4-4C98-94A7-F46FC2E21FF3}.Debug|Any CPU.ActiveCfg = Debug|Any CPU
		{8E1C97D7-EDB4-4C98-94A7-F46FC2E21FF3}.Debug|Any CPU.Build.0 = Debug|Any CPU
		{8E1C97D7-EDB4-4C98-94A7-F46FC2E21FF3}.Release|Any CPU.ActiveCfg = Release|Any CPU
		{8E1C97D7-EDB4-4C98-94A7-F46FC2E21FF3}.Release|Any CPU.Build.0 = Release|Any CPU
	EndGlobalSection
	GlobalSection(SolutionProperties) = preSolution
		HideSolutionNode = FALSE
	EndGlobalSection
	GlobalSection(ExtensibilityGlobals) = postSolution
		SolutionGuid = {40BCF6F2-4DA3-4C90-B6A3-476B572F0508}
	EndGlobalSection
EndGlobal
